
Microsoft Visual Studio Solution File, Format Version 12.00
# Visual Studio Version 17
VisualStudioVersion = 17.14.36119.2 d17.14
MinimumVisualStudioVersion = 10.0.40219.1
Project("{FAE04EC0-301F-11D3-BF4B-00C04F79EFBC}") = "RSA_GUI", "RSA_GUI.csproj", "{3E0521B2-6E8F-4E67-BD59-F4CBDF8F7954}"
EndProject
Global
	GlobalSection(SolutionConfigurationPlatforms) = preSolution
		Debug|Any CPU = Debug|Any CPU
		Release|Any CPU = Release|Any CPU
	EndGlobalSection
	GlobalSection(ProjectConfigurationPlatforms) = postSolution
		{3E0521B2-6E8F-4E67-BD59-F4CBDF8F7954}.Debug|Any CPU.ActiveCfg = Debug|Any CPU
		{3E0521B2-6E8F-4E67-BD59-F4CBDF8F7954}.Debug|Any CPU.Build.0 = Debug|Any CPU
		{3E0521B2-6E8F-4E67-BD59-F4CBDF8F7954}.Release|Any CPU.ActiveCfg = Release|Any CPU
		{3E0521B2-6E8F-4E67-BD59-F4CBDF8F7954}.Release|Any CPU.Build.0 = Release|Any CPU
	EndGlobalSection
	GlobalSection(SolutionProperties) = preSolution
		HideSolutionNode = FALSE
	EndGlobalSection
	GlobalSection(ExtensibilityGlobals) = postSolution
		SolutionGuid = {6790D6D5-630C-4FD5-BE78-38A8B930F2D2}
	EndGlobalSection
EndGlobal
